// !$*UTF8*$!
{
	archiveVersion = 1;
	classes = {
	};
	objectVersion = 56;
	objects = {

/* Begin PBXBuildFile section */
		562443102B34C073001F5A87 /* AppDelegate.swift in Sources */ = {isa = PBXBuildFile; fileRef = 5624430F2B34C073001F5A87 /* AppDelegate.swift */; };
		562443122B34C073001F5A87 /* SceneDelegate.swift in Sources */ = {isa = PBXBuildFile; fileRef = 562443112B34C073001F5A87 /* SceneDelegate.swift */; };
		562443142B34C073001F5A87 /* BitacoraViewController.swift in Sources */ = {isa = PBXBuildFile; fileRef = 562443132B34C073001F5A87 /* BitacoraViewController.swift */; };
		562443192B34C075001F5A87 /* Assets.xcassets in Resources */ = {isa = PBXBuildFile; fileRef = 562443182B34C075001F5A87 /* Assets.xcassets */; };
		5624431C2B34C075001F5A87 /* LaunchScreen.storyboard in Resources */ = {isa = PBXBuildFile; fileRef = 5624431A2B34C075001F5A87 /* LaunchScreen.storyboard */; };
		562443242B34E0DD001F5A87 /* ListadoPropiedadesViewController.swift in Sources */ = {isa = PBXBuildFile; fileRef = 562443232B34E0DD001F5A87 /* ListadoPropiedadesViewController.swift */; };
		562443282B34EB7E001F5A87 /* DetailViewController.swift in Sources */ = {isa = PBXBuildFile; fileRef = 562443272B34EB7E001F5A87 /* DetailViewController.swift */; };
		5624432A2B34ED7A001F5A87 /* LocalizationViewController.swift in Sources */ = {isa = PBXBuildFile; fileRef = 562443292B34ED7A001F5A87 /* LocalizationViewController.swift */; };
		562443302B351E64001F5A87 /* BitacoraViewCell.swift in Sources */ = {isa = PBXBuildFile; fileRef = 5624432F2B351E64001F5A87 /* BitacoraViewCell.swift */; };
		562443342B3520D1001F5A87 /* BitacoraDataManager.swift in Sources */ = {isa = PBXBuildFile; fileRef = 562443332B3520D1001F5A87 /* BitacoraDataManager.swift */; };
		562443362B352B60001F5A87 /* ListaBitacoraViewController.swift in Sources */ = {isa = PBXBuildFile; fileRef = 562443352B352B60001F5A87 /* ListaBitacoraViewController.swift */; };
		5624433A2B370E9C001F5A87 /* Model.xcdatamodeld in Sources */ = {isa = PBXBuildFile; fileRef = 562443382B370E9C001F5A87 /* Model.xcdatamodeld */; };
		5624433D2B3786AD001F5A87 /* Bitacora+CoreDataClass.swift in Sources */ = {isa = PBXBuildFile; fileRef = 5624433B2B3786AD001F5A87 /* Bitacora+CoreDataClass.swift */; };
		5624433E2B3786AD001F5A87 /* Bitacora+CoreDataProperties.swift in Sources */ = {isa = PBXBuildFile; fileRef = 5624433C2B3786AD001F5A87 /* Bitacora+CoreDataProperties.swift */; };
		562443422B390EF4001F5A87 /* Main.storyboard in Resources */ = {isa = PBXBuildFile; fileRef = 562443412B390EF4001F5A87 /* Main.storyboard */; };
		5624CC272B3BC53900D893D3 /* SDWebImage in Frameworks */ = {isa = PBXBuildFile; productRef = 5624CC262B3BC53900D893D3 /* SDWebImage */; };
		5663A1E82B3DFE21003DE7D5 /* Utils.swift in Sources */ = {isa = PBXBuildFile; fileRef = 5663A1E72B3DFE21003DE7D5 /* Utils.swift */; };
		5663A1EB2B3E127C003DE7D5 /* CoreLocation.framework in Frameworks */ = {isa = PBXBuildFile; fileRef = 5663A1EA2B3E127C003DE7D5 /* CoreLocation.framework */; };
		5663A1ED2B3E12B1003DE7D5 /* MapKit.framework in Frameworks */ = {isa = PBXBuildFile; fileRef = 5663A1EC2B3E12B1003DE7D5 /* MapKit.framework */; };
		56D9926B2B3A2EE500847311 /* PropiedadManager.swift in Sources */ = {isa = PBXBuildFile; fileRef = 56D9926A2B3A2EE500847311 /* PropiedadManager.swift */; };
		56D9926D2B3A2F9500847311 /* DatosPropiedad.swift in Sources */ = {isa = PBXBuildFile; fileRef = 56D9926C2B3A2F9500847311 /* DatosPropiedad.swift */; };
		56D992792B3A834E00847311 /* CeldaPropiedadTableViewCell.swift in Sources */ = {isa = PBXBuildFile; fileRef = 56D992772B3A834E00847311 /* CeldaPropiedadTableViewCell.swift */; };
		56D9927A2B3A834E00847311 /* CeldaPropiedadTableViewCell.xib in Resources */ = {isa = PBXBuildFile; fileRef = 56D992782B3A834E00847311 /* CeldaPropiedadTableViewCell.xib */; };
/* End PBXBuildFile section */

/* Begin PBXFileReference section */
		5624430C2B34C073001F5A87 /* InmobiliariaIOS.app */ = {isa = PBXFileReference; explicitFileType = wrapper.application; includeInIndex = 0; path = InmobiliariaIOS.app; sourceTree = BUILT_PRODUCTS_DIR; };
		5624430F2B34C073001F5A87 /* AppDelegate.swift */ = {isa = PBXFileReference; lastKnownFileType = sourcecode.swift; path = AppDelegate.swift; sourceTree = "<group>"; };
		562443112B34C073001F5A87 /* SceneDelegate.swift */ = {isa = PBXFileReference; lastKnownFileType = sourcecode.swift; path = SceneDelegate.swift; sourceTree = "<group>"; };
		562443132B34C073001F5A87 /* BitacoraViewController.swift */ = {isa = PBXFileReference; lastKnownFileType = sourcecode.swift; path = BitacoraViewController.swift; sourceTree = "<group>"; };
		562443182B34C075001F5A87 /* Assets.xcassets */ = {isa = PBXFileReference; lastKnownFileType = folder.assetcatalog; path = Assets.xcassets; sourceTree = "<group>"; };
		5624431B2B34C075001F5A87 /* Base */ = {isa = PBXFileReference; lastKnownFileType = file.storyboard; name = Base; path = Base.lproj/LaunchScreen.storyboard; sourceTree = "<group>"; };
		5624431D2B34C075001F5A87 /* Info.plist */ = {isa = PBXFileReference; lastKnownFileType = text.plist.xml; path = Info.plist; sourceTree = "<group>"; };
		562443232B34E0DD001F5A87 /* ListadoPropiedadesViewController.swift */ = {isa = PBXFileReference; lastKnownFileType = sourcecode.swift; path = ListadoPropiedadesViewController.swift; sourceTree = "<group>"; };
		562443272B34EB7E001F5A87 /* DetailViewController.swift */ = {isa = PBXFileReference; lastKnownFileType = sourcecode.swift; path = DetailViewController.swift; sourceTree = "<group>"; };
		562443292B34ED7A001F5A87 /* LocalizationViewController.swift */ = {isa = PBXFileReference; lastKnownFileType = sourcecode.swift; path = LocalizationViewController.swift; sourceTree = "<group>"; };
		5624432F2B351E64001F5A87 /* BitacoraViewCell.swift */ = {isa = PBXFileReference; lastKnownFileType = sourcecode.swift; path = BitacoraViewCell.swift; sourceTree = "<group>"; };
		562443332B3520D1001F5A87 /* BitacoraDataManager.swift */ = {isa = PBXFileReference; lastKnownFileType = sourcecode.swift; path = BitacoraDataManager.swift; sourceTree = "<group>"; };
		562443352B352B60001F5A87 /* ListaBitacoraViewController.swift */ = {isa = PBXFileReference; lastKnownFileType = sourcecode.swift; path = ListaBitacoraViewController.swift; sourceTree = "<group>"; };
		562443392B370E9C001F5A87 /* Model.xcdatamodel */ = {isa = PBXFileReference; lastKnownFileType = wrapper.xcdatamodel; path = Model.xcdatamodel; sourceTree = "<group>"; };
		5624433B2B3786AD001F5A87 /* Bitacora+CoreDataClass.swift */ = {isa = PBXFileReference; lastKnownFileType = sourcecode.swift; path = "Bitacora+CoreDataClass.swift"; sourceTree = "<group>"; };
		5624433C2B3786AD001F5A87 /* Bitacora+CoreDataProperties.swift */ = {isa = PBXFileReference; lastKnownFileType = sourcecode.swift; path = "Bitacora+CoreDataProperties.swift"; sourceTree = "<group>"; };
		562443412B390EF4001F5A87 /* Main.storyboard */ = {isa = PBXFileReference; fileEncoding = 4; lastKnownFileType = file.storyboard; path = Main.storyboard; sourceTree = "<group>"; };
		5663A1E72B3DFE21003DE7D5 /* Utils.swift */ = {isa = PBXFileReference; lastKnownFileType = sourcecode.swift; path = Utils.swift; sourceTree = "<group>"; };
		5663A1EA2B3E127C003DE7D5 /* CoreLocation.framework */ = {isa = PBXFileReference; lastKnownFileType = wrapper.framework; name = CoreLocation.framework; path = System/Library/Frameworks/CoreLocation.framework; sourceTree = SDKROOT; };
		5663A1EC2B3E12B1003DE7D5 /* MapKit.framework */ = {isa = PBXFileReference; lastKnownFileType = wrapper.framework; name = MapKit.framework; path = System/Library/Frameworks/MapKit.framework; sourceTree = SDKROOT; };
		56D9926A2B3A2EE500847311 /* PropiedadManager.swift */ = {isa = PBXFileReference; lastKnownFileType = sourcecode.swift; path = PropiedadManager.swift; sourceTree = "<group>"; };
		56D9926C2B3A2F9500847311 /* DatosPropiedad.swift */ = {isa = PBXFileReference; lastKnownFileType = sourcecode.swift; path = DatosPropiedad.swift; sourceTree = "<group>"; };
		56D992772B3A834E00847311 /* CeldaPropiedadTableViewCell.swift */ = {isa = PBXFileReference; lastKnownFileType = sourcecode.swift; path = CeldaPropiedadTableViewCell.swift; sourceTree = "<group>"; };
		56D992782B3A834E00847311 /* CeldaPropiedadTableViewCell.xib */ = {isa = PBXFileReference; lastKnownFileType = file.xib; path = CeldaPropiedadTableViewCell.xib; sourceTree = "<group>"; };
/* End PBXFileReference section */

/* Begin PBXFrameworksBuildPhase section */
		562443092B34C073001F5A87 /* Frameworks */ = {
			isa = PBXFrameworksBuildPhase;
			buildActionMask = 2147483647;
			files = (
				5663A1EB2B3E127C003DE7D5 /* CoreLocation.framework in Frameworks */,
				5663A1ED2B3E12B1003DE7D5 /* MapKit.framework in Frameworks */,
				5624CC272B3BC53900D893D3 /* SDWebImage in Frameworks */,
			);
			runOnlyForDeploymentPostprocessing = 0;
		};
/* End PBXFrameworksBuildPhase section */

/* Begin PBXGroup section */
		562443032B34C073001F5A87 = {
			isa = PBXGroup;
			children = (
				5624433B2B3786AD001F5A87 /* Bitacora+CoreDataClass.swift */,
				5624433C2B3786AD001F5A87 /* Bitacora+CoreDataProperties.swift */,
				5624430E2B34C073001F5A87 /* InmobiliariaIOS */,
				5624430D2B34C073001F5A87 /* Products */,
				5663A1E92B3E127C003DE7D5 /* Frameworks */,
			);
			sourceTree = "<group>";
		};
		5624430D2B34C073001F5A87 /* Products */ = {
			isa = PBXGroup;
			children = (
				5624430C2B34C073001F5A87 /* InmobiliariaIOS.app */,
			);
			name = Products;
			sourceTree = "<group>";
		};
		5624430E2B34C073001F5A87 /* InmobiliariaIOS */ = {
			isa = PBXGroup;
			children = (
				562443312B351E73001F5A87 /* View */,
				562443322B351E9F001F5A87 /* Model */,
				562443372B352B8F001F5A87 /* Bitacora */,
				56D992692B3A031E00847311 /* Propiedades */,
				562443112B34C073001F5A87 /* SceneDelegate.swift */,
				5624430F2B34C073001F5A87 /* AppDelegate.swift */,
				56D992772B3A834E00847311 /* CeldaPropiedadTableViewCell.swift */,
				56D992782B3A834E00847311 /* CeldaPropiedadTableViewCell.xib */,
				562443412B390EF4001F5A87 /* Main.storyboard */,
				562443182B34C075001F5A87 /* Assets.xcassets */,
				5624431A2B34C075001F5A87 /* LaunchScreen.storyboard */,
				5624431D2B34C075001F5A87 /* Info.plist */,
				562443382B370E9C001F5A87 /* Model.xcdatamodeld */,
				5663A1E72B3DFE21003DE7D5 /* Utils.swift */,
			);
			path = InmobiliariaIOS;
			sourceTree = "<group>";
		};
		562443312B351E73001F5A87 /* View */ = {
			isa = PBXGroup;
			children = (
				5624432F2B351E64001F5A87 /* BitacoraViewCell.swift */,
			);
			path = View;
			sourceTree = "<group>";
		};
		562443322B351E9F001F5A87 /* Model */ = {
			isa = PBXGroup;
			children = (
				562443332B3520D1001F5A87 /* BitacoraDataManager.swift */,
				56D9926A2B3A2EE500847311 /* PropiedadManager.swift */,
				56D9926C2B3A2F9500847311 /* DatosPropiedad.swift */,
			);
			path = Model;
			sourceTree = "<group>";
		};
		562443372B352B8F001F5A87 /* Bitacora */ = {
			isa = PBXGroup;
			children = (
				562443352B352B60001F5A87 /* ListaBitacoraViewController.swift */,
				562443132B34C073001F5A87 /* BitacoraViewController.swift */,
			);
			path = Bitacora;
			sourceTree = "<group>";
		};
		5663A1E92B3E127C003DE7D5 /* Frameworks */ = {
			isa = PBXGroup;
			children = (
				5663A1EC2B3E12B1003DE7D5 /* MapKit.framework */,
				5663A1EA2B3E127C003DE7D5 /* CoreLocation.framework */,
			);
			name = Frameworks;
			sourceTree = "<group>";
		};
		56D992692B3A031E00847311 /* Propiedades */ = {
			isa = PBXGroup;
			children = (
				562443232B34E0DD001F5A87 /* ListadoPropiedadesViewController.swift */,
				562443272B34EB7E001F5A87 /* DetailViewController.swift */,
				562443292B34ED7A001F5A87 /* LocalizationViewController.swift */,
			);
			path = Propiedades;
			sourceTree = "<group>";
		};
/* End PBXGroup section */

/* Begin PBXNativeTarget section */
		5624430B2B34C073001F5A87 /* InmobiliariaIOS */ = {
			isa = PBXNativeTarget;
			buildConfigurationList = 562443202B34C075001F5A87 /* Build configuration list for PBXNativeTarget "InmobiliariaIOS" */;
			buildPhases = (
				562443082B34C073001F5A87 /* Sources */,
				562443092B34C073001F5A87 /* Frameworks */,
				5624430A2B34C073001F5A87 /* Resources */,
			);
			buildRules = (
			);
			dependencies = (
			);
			name = InmobiliariaIOS;
			packageProductDependencies = (
				5624CC262B3BC53900D893D3 /* SDWebImage */,
			);
			productName = InmobiliariaIOS;
			productReference = 5624430C2B34C073001F5A87 /* InmobiliariaIOS.app */;
			productType = "com.apple.product-type.application";
		};
/* End PBXNativeTarget section */

/* Begin PBXProject section */
		562443042B34C073001F5A87 /* Project object */ = {
			isa = PBXProject;
			attributes = {
				BuildIndependentTargetsInParallel = 1;
				LastSwiftUpdateCheck = 1500;
				LastUpgradeCheck = 1500;
				TargetAttributes = {
					5624430B2B34C073001F5A87 = {
						CreatedOnToolsVersion = 15.0;
					};
				};
			};
			buildConfigurationList = 562443072B34C073001F5A87 /* Build configuration list for PBXProject "InmobiliariaIOS" */;
			compatibilityVersion = "Xcode 14.0";
			developmentRegion = en;
			hasScannedForEncodings = 0;
			knownRegions = (
				en,
				Base,
			);
			mainGroup = 562443032B34C073001F5A87;
			packageReferences = (
				5624CC252B3BC53900D893D3 /* XCRemoteSwiftPackageReference "SDWebImage" */,
			);
			productRefGroup = 5624430D2B34C073001F5A87 /* Products */;
			projectDirPath = "";
			projectRoot = "";
			targets = (
				5624430B2B34C073001F5A87 /* InmobiliariaIOS */,
			);
		};
/* End PBXProject section */

/* Begin PBXResourcesBuildPhase section */
		5624430A2B34C073001F5A87 /* Resources */ = {
			isa = PBXResourcesBuildPhase;
			buildActionMask = 2147483647;
			files = (
				56D9927A2B3A834E00847311 /* CeldaPropiedadTableViewCell.xib in Resources */,
				5624431C2B34C075001F5A87 /* LaunchScreen.storyboard in Resources */,
				562443192B34C075001F5A87 /* Assets.xcassets in Resources */,
				562443422B390EF4001F5A87 /* Main.storyboard in Resources */,
			);
			runOnlyForDeploymentPostprocessing = 0;
		};
/* End PBXResourcesBuildPhase section */

/* Begin PBXSourcesBuildPhase section */
		562443082B34C073001F5A87 /* Sources */ = {
			isa = PBXSourcesBuildPhase;
			buildActionMask = 2147483647;
			files = (
				562443142B34C073001F5A87 /* BitacoraViewController.swift in Sources */,
				5624433E2B3786AD001F5A87 /* Bitacora+CoreDataProperties.swift in Sources */,
				562443242B34E0DD001F5A87 /* ListadoPropiedadesViewController.swift in Sources */,
				56D9926B2B3A2EE500847311 /* PropiedadManager.swift in Sources */,
				562443362B352B60001F5A87 /* ListaBitacoraViewController.swift in Sources */,
				5624433D2B3786AD001F5A87 /* Bitacora+CoreDataClass.swift in Sources */,
				562443302B351E64001F5A87 /* BitacoraViewCell.swift in Sources */,
				5663A1E82B3DFE21003DE7D5 /* Utils.swift in Sources */,
				562443282B34EB7E001F5A87 /* DetailViewController.swift in Sources */,
				562443102B34C073001F5A87 /* AppDelegate.swift in Sources */,
				562443342B3520D1001F5A87 /* BitacoraDataManager.swift in Sources */,
				5624432A2B34ED7A001F5A87 /* LocalizationViewController.swift in Sources */,
				56D992792B3A834E00847311 /* CeldaPropiedadTableViewCell.swift in Sources */,
				562443122B34C073001F5A87 /* SceneDelegate.swift in Sources */,
				56D9926D2B3A2F9500847311 /* DatosPropiedad.swift in Sources */,
				5624433A2B370E9C001F5A87 /* Model.xcdatamodeld in Sources */,
			);
			runOnlyForDeploymentPostprocessing = 0;
		};
/* End PBXSourcesBuildPhase section */

/* Begin PBXVariantGroup section */
		5624431A2B34C075001F5A87 /* LaunchScreen.storyboard */ = {
			isa = PBXVariantGroup;
			children = (
				5624431B2B34C075001F5A87 /* Base */,
			);
			name = LaunchScreen.storyboard;
			sourceTree = "<group>";
		};
/* End PBXVariantGroup section */

/* Begin XCBuildConfiguration section */
		5624431E2B34C075001F5A87 /* Debug */ = {
			isa = XCBuildConfiguration;
			buildSettings = {
				ALWAYS_SEARCH_USER_PATHS = NO;
				ASSETCATALOG_COMPILER_GENERATE_SWIFT_ASSET_SYMBOL_EXTENSIONS = YES;
				CLANG_ANALYZER_NONNULL = YES;
				CLANG_ANALYZER_NUMBER_OBJECT_CONVERSION = YES_AGGRESSIVE;
				CLANG_CXX_LANGUAGE_STANDARD = "gnu++20";
				CLANG_ENABLE_MODULES = YES;
				CLANG_ENABLE_OBJC_ARC = YES;
				CLANG_ENABLE_OBJC_WEAK = YES;
				CLANG_WARN_BLOCK_CAPTURE_AUTORELEASING = YES;
				CLANG_WARN_BOOL_CONVERSION = YES;
				CLANG_WARN_COMMA = YES;
				CLANG_WARN_CONSTANT_CONVERSION = YES;
				CLANG_WARN_DEPRECATED_OBJC_IMPLEMENTATIONS = YES;
				CLANG_WARN_DIRECT_OBJC_ISA_USAGE = YES_ERROR;
				CLANG_WARN_DOCUMENTATION_COMMENTS = YES;
				CLANG_WARN_EMPTY_BODY = YES;
				CLANG_WARN_ENUM_CONVERSION = YES;
				CLANG_WARN_INFINITE_RECURSION = YES;
				CLANG_WARN_INT_CONVERSION = YES;
				CLANG_WARN_NON_LITERAL_NULL_CONVERSION = YES;
				CLANG_WARN_OBJC_IMPLICIT_RETAIN_SELF = YES;
				CLANG_WARN_OBJC_LITERAL_CONVERSION = YES;
				CLANG_WARN_OBJC_ROOT_CLASS = YES_ERROR;
				CLANG_WARN_QUOTED_INCLUDE_IN_FRAMEWORK_HEADER = YES;
				CLANG_WARN_RANGE_LOOP_ANALYSIS = YES;
				CLANG_WARN_STRICT_PROTOTYPES = YES;
				CLANG_WARN_SUSPICIOUS_MOVE = YES;
				CLANG_WARN_UNGUARDED_AVAILABILITY = YES_AGGRESSIVE;
				CLANG_WARN_UNREACHABLE_CODE = YES;
				CLANG_WARN__DUPLICATE_METHOD_MATCH = YES;
				COPY_PHASE_STRIP = NO;
				DEBUG_INFORMATION_FORMAT = dwarf;
				ENABLE_STRICT_OBJC_MSGSEND = YES;
				ENABLE_TESTABILITY = YES;
				ENABLE_USER_SCRIPT_SANDBOXING = YES;
				GCC_C_LANGUAGE_STANDARD = gnu17;
				GCC_DYNAMIC_NO_PIC = NO;
				GCC_NO_COMMON_BLOCKS = YES;
				GCC_OPTIMIZATION_LEVEL = 0;
				GCC_PREPROCESSOR_DEFINITIONS = (
					"DEBUG=1",
					"$(inherited)",
				);
				GCC_WARN_64_TO_32_BIT_CONVERSION = YES;
				GCC_WARN_ABOUT_RETURN_TYPE = YES_ERROR;
				GCC_WARN_UNDECLARED_SELECTOR = YES;
				GCC_WARN_UNINITIALIZED_AUTOS = YES_AGGRESSIVE;
				GCC_WARN_UNUSED_FUNCTION = YES;
				GCC_WARN_UNUSED_VARIABLE = YES;
				IPHONEOS_DEPLOYMENT_TARGET = 17.0;
				LOCALIZATION_PREFERS_STRING_CATALOGS = YES;
				MTL_ENABLE_DEBUG_INFO = INCLUDE_SOURCE;
				MTL_FAST_MATH = YES;
				ONLY_ACTIVE_ARCH = YES;
				SDKROOT = iphoneos;
				SWIFT_ACTIVE_COMPILATION_CONDITIONS = "DEBUG $(inherited)";
				SWIFT_OPTIMIZATION_LEVEL = "-Onone";
			};
			name = Debug;
		};
		5624431F2B34C075001F5A87 /* Release */ = {
			isa = XCBuildConfiguration;
			buildSettings = {
				ALWAYS_SEARCH_USER_PATHS = NO;
				ASSETCATALOG_COMPILER_GENERATE_SWIFT_ASSET_SYMBOL_EXTENSIONS = YES;
				CLANG_ANALYZER_NONNULL = YES;
				CLANG_ANALYZER_NUMBER_OBJECT_CONVERSION = YES_AGGRESSIVE;
				CLANG_CXX_LANGUAGE_STANDARD = "gnu++20";
				CLANG_ENABLE_MODULES = YES;
				CLANG_ENABLE_OBJC_ARC = YES;
				CLANG_ENABLE_OBJC_WEAK = YES;
				CLANG_WARN_BLOCK_CAPTURE_AUTORELEASING = YES;
				CLANG_WARN_BOOL_CONVERSION = YES;
				CLANG_WARN_COMMA = YES;
				CLANG_WARN_CONSTANT_CONVERSION = YES;
				CLANG_WARN_DEPRECATED_OBJC_IMPLEMENTATIONS = YES;
				CLANG_WARN_DIRECT_OBJC_ISA_USAGE = YES_ERROR;
				CLANG_WARN_DOCUMENTATION_COMMENTS = YES;
				CLANG_WARN_EMPTY_BODY = YES;
				CLANG_WARN_ENUM_CONVERSION = YES;
				CLANG_WARN_INFINITE_RECURSION = YES;
				CLANG_WARN_INT_CONVERSION = YES;
				CLANG_WARN_NON_LITERAL_NULL_CONVERSION = YES;
				CLANG_WARN_OBJC_IMPLICIT_RETAIN_SELF = YES;
				CLANG_WARN_OBJC_LITERAL_CONVERSION = YES;
				CLANG_WARN_OBJC_ROOT_CLASS = YES_ERROR;
				CLANG_WARN_QUOTED_INCLUDE_IN_FRAMEWORK_HEADER = YES;
				CLANG_WARN_RANGE_LOOP_ANALYSIS = YES;
				CLANG_WARN_STRICT_PROTOTYPES = YES;
				CLANG_WARN_SUSPICIOUS_MOVE = YES;
				CLANG_WARN_UNGUARDED_AVAILABILITY = YES_AGGRESSIVE;
				CLANG_WARN_UNREACHABLE_CODE = YES;
				CLANG_WARN__DUPLICATE_METHOD_MATCH = YES;
				COPY_PHASE_STRIP = NO;
				DEBUG_INFORMATION_FORMAT = "dwarf-with-dsym";
				ENABLE_NS_ASSERTIONS = NO;
				ENABLE_STRICT_OBJC_MSGSEND = YES;
				ENABLE_USER_SCRIPT_SANDBOXING = YES;
				GCC_C_LANGUAGE_STANDARD = gnu17;
				GCC_NO_COMMON_BLOCKS = YES;
				GCC_WARN_64_TO_32_BIT_CONVERSION = YES;
				GCC_WARN_ABOUT_RETURN_TYPE = YES_ERROR;
				GCC_WARN_UNDECLARED_SELECTOR = YES;
				GCC_WARN_UNINITIALIZED_AUTOS = YES_AGGRESSIVE;
				GCC_WARN_UNUSED_FUNCTION = YES;
				GCC_WARN_UNUSED_VARIABLE = YES;
				IPHONEOS_DEPLOYMENT_TARGET = 17.0;
				LOCALIZATION_PREFERS_STRING_CATALOGS = YES;
				MTL_ENABLE_DEBUG_INFO = NO;
				MTL_FAST_MATH = YES;
				SDKROOT = iphoneos;
				SWIFT_COMPILATION_MODE = wholemodule;
				VALIDATE_PRODUCT = YES;
			};
			name = Release;
		};
		562443212B34C075001F5A87 /* Debug */ = {
			isa = XCBuildConfiguration;
			buildSettings = {
				ASSETCATALOG_COMPILER_APPICON_NAME = AppIcon;
				ASSETCATALOG_COMPILER_GLOBAL_ACCENT_COLOR_NAME = AccentColor;
				CODE_SIGN_STYLE = Automatic;
				CURRENT_PROJECT_VERSION = 1;
				DEVELOPMENT_TEAM = 25XBYKAP76;
				GENERATE_INFOPLIST_FILE = YES;
				INFOPLIST_FILE = InmobiliariaIOS/Info.plist;
				INFOPLIST_KEY_UIApplicationSupportsIndirectInputEvents = YES;
				INFOPLIST_KEY_UILaunchStoryboardName = LaunchScreen;
				INFOPLIST_KEY_UIMainStoryboardFile = Main;
				INFOPLIST_KEY_UISupportedInterfaceOrientations = UIInterfaceOrientationPortrait;
				IPHONEOS_DEPLOYMENT_TARGET = 16.0;
				LD_RUNPATH_SEARCH_PATHS = (
					"$(inherited)",
					"@executable_path/Frameworks",
				);
				MARKETING_VERSION = 1.0;
				PRODUCT_BUNDLE_IDENTIFIER = com.Diaz.Porfirio.InmobiliariaIOS;
				PRODUCT_NAME = "$(TARGET_NAME)";
				SWIFT_EMIT_LOC_STRINGS = YES;
				SWIFT_VERSION = 5.0;
				TARGETED_DEVICE_FAMILY = "1,2";
			};
			name = Debug;
		};
		562443222B34C075001F5A87 /* Release */ = {
			isa = XCBuildConfiguration;
			buildSettings = {
				ASSETCATALOG_COMPILER_APPICON_NAME = AppIcon;
				ASSETCATALOG_COMPILER_GLOBAL_ACCENT_COLOR_NAME = AccentColor;
				CODE_SIGN_STYLE = Automatic;
				CURRENT_PROJECT_VERSION = 1;
				DEVELOPMENT_TEAM = 25XBYKAP76;
				GENERATE_INFOPLIST_FILE = YES;
				INFOPLIST_FILE = InmobiliariaIOS/Info.plist;
				INFOPLIST_KEY_UIApplicationSupportsIndirectInputEvents = YES;
				INFOPLIST_KEY_UILaunchStoryboardName = LaunchScreen;
				INFOPLIST_KEY_UIMainStoryboardFile = Main;
				INFOPLIST_KEY_UISupportedInterfaceOrientations = UIInterfaceOrientationPortrait;
				IPHONEOS_DEPLOYMENT_TARGET = 16.0;
				LD_RUNPATH_SEARCH_PATHS = (
					"$(inherited)",
					"@executable_path/Frameworks",
				);
				MARKETING_VERSION = 1.0;
				PRODUCT_BUNDLE_IDENTIFIER = com.Diaz.Porfirio.InmobiliariaIOS;
				PRODUCT_NAME = "$(TARGET_NAME)";
				SWIFT_EMIT_LOC_STRINGS = YES;
				SWIFT_VERSION = 5.0;
				TARGETED_DEVICE_FAMILY = "1,2";
			};
			name = Release;
		};
/* End XCBuildConfiguration section */

/* Begin XCConfigurationList section */
		562443072B34C073001F5A87 /* Build configuration list for PBXProject "InmobiliariaIOS" */ = {
			isa = XCConfigurationList;
			buildConfigurations = (
				5624431E2B34C075001F5A87 /* Debug */,
				5624431F2B34C075001F5A87 /* Release */,
			);
			defaultConfigurationIsVisible = 0;
			defaultConfigurationName = Release;
		};
		562443202B34C075001F5A87 /* Build configuration list for PBXNativeTarget "InmobiliariaIOS" */ = {
			isa = XCConfigurationList;
			buildConfigurations = (
				562443212B34C075001F5A87 /* Debug */,
				562443222B34C075001F5A87 /* Release */,
			);
			defaultConfigurationIsVisible = 0;
			defaultConfigurationName = Release;
		};
/* End XCConfigurationList section */

/* Begin XCRemoteSwiftPackageReference section */
		5624CC252B3BC53900D893D3 /* XCRemoteSwiftPackageReference "SDWebImage" */ = {
			isa = XCRemoteSwiftPackageReference;
			repositoryURL = "https://github.com/SDWebImage/SDWebImage.git";
			requirement = {
				kind = upToNextMajorVersion;
				minimumVersion = 5.18.7;
			};
		};
/* End XCRemoteSwiftPackageReference section */

/* Begin XCSwiftPackageProductDependency section */
		5624CC262B3BC53900D893D3 /* SDWebImage */ = {
			isa = XCSwiftPackageProductDependency;
			package = 5624CC252B3BC53900D893D3 /* XCRemoteSwiftPackageReference "SDWebImage" */;
			productName = SDWebImage;
		};
/* End XCSwiftPackageProductDependency section */

/* Begin XCVersionGroup section */
		562443382B370E9C001F5A87 /* Model.xcdatamodeld */ = {
			isa = XCVersionGroup;
			children = (
				562443392B370E9C001F5A87 /* Model.xcdatamodel */,
			);
			currentVersion = 562443392B370E9C001F5A87 /* Model.xcdatamodel */;
			path = Model.xcdatamodeld;
			sourceTree = "<group>";
			versionGroupType = wrapper.xcdatamodel;
		};
/* End XCVersionGroup section */
	};
	rootObject = 562443042B34C073001F5A87 /* Project object */;
}
